
Microsoft Visual Studio Solution File, Format Version 12.00
# Visual Studio Version 17
VisualStudioVersion = 17.11.35312.102
MinimumVisualStudioVersion = 10.0.40219.1
Project("{2150E333-8FDC-42A3-9474-1A3956D46DE8}") = "Task0", "Task0", "{5EBFE3A6-0AB1-4134-8E9D-132289F9D4F8}"
EndProject
Project("{9A19103F-16F7-4668-BE54-9A1E7A4F7556}") = "Tyuiu.BlagihIA.Sprint4.Task0.V20", "Tyuiu.BlagihIA.Sprint4.Task0.V20\Tyuiu.BlagihIA.Sprint4.Task0.V20.csproj", "{F31224D7-768B-40A9-A42D-181B2B8C4D40}"
EndProject
Project("{9A19103F-16F7-4668-BE54-9A1E7A4F7556}") = "Tyuiu.BlagihIA.Sprint4.Task0.V20.Lib", "Tyuiu.BlagihIA.Sprint4.Task0.V20.Lib\Tyuiu.BlagihIA.Sprint4.Task0.V20.Lib.csproj", "{CCB30E71-36A2-44F9-ABFB-0702D257245A}"
EndProject
Project("{9A19103F-16F7-4668-BE54-9A1E7A4F7556}") = "Tyuiu.BlagihIA.Sprint4.Task0.V20.Test", "Tyuiu.BlagihIA.Sprint4.Task0.V20.Test\Tyuiu.BlagihIA.Sprint4.Task0.V20.Test.csproj", "{C7C7F570-22FA-45E5-B5AB-DDA37540B758}"
EndProject
Project("{2150E333-8FDC-42A3-9474-1A3956D46DE8}") = "Task1", "Task1", "{D61E12BD-42BD-4ED7-9362-9019128B9F9E}"
EndProject
Project("{9A19103F-16F7-4668-BE54-9A1E7A4F7556}") = "Tyuiu.BlagihIA.Sprint4.Task1.V23", "Tyuiu.BlagihIA.Sprint4.Task1.V23\Tyuiu.BlagihIA.Sprint4.Task1.V23.csproj", "{FE64A099-2C5F-4E9C-AC04-05B2D109AE67}"
EndProject
Project("{9A19103F-16F7-4668-BE54-9A1E7A4F7556}") = "Tyuiu.BlagihIA.Sprint4.Task1.V23.Lib", "Tyuiu.BlagihIA.Sprint4.Task1.V23.Lib\Tyuiu.BlagihIA.Sprint4.Task1.V23.Lib.csproj", "{E08483F8-9ACE-4924-AF4E-46FD30FD5F3F}"
EndProject
Project("{9A19103F-16F7-4668-BE54-9A1E7A4F7556}") = "Tyuiu.BlagihIA.Sprint4.Task1.V23.Test", "Tyuiu.BlagihIA.Sprint4.Task1.V23.Test\Tyuiu.BlagihIA.Sprint4.Task1.V23.Test.csproj", "{548F52D2-D51D-421A-94EF-EBDF8E44A72D}"
EndProject
Project("{2150E333-8FDC-42A3-9474-1A3956D46DE8}") = "Task2", "Task2", "{9481FDD9-CFAD-4DB4-B7F6-8AA8FC9DC29F}"
EndProject
Project("{9A19103F-16F7-4668-BE54-9A1E7A4F7556}") = "Tyuiu.BlagihIA.Sprint4.Task2.V18", "Tyuiu.BlagihIA.Sprint4.Task2.V18\Tyuiu.BlagihIA.Sprint4.Task2.V18.csproj", "{39605EEB-5C11-45F2-9793-509D1A669B7C}"
EndProject
Project("{9A19103F-16F7-4668-BE54-9A1E7A4F7556}") = "Tyuiu.BlagihIA.Sprint4.Task2.V18.Lib", "Tyuiu.BlagihIA.Sprint4.Task2.V18.Lib\Tyuiu.BlagihIA.Sprint4.Task2.V18.Lib.csproj", "{0D624DAE-D307-4C74-A3F0-36B71F1BCD21}"
EndProject
Project("{9A19103F-16F7-4668-BE54-9A1E7A4F7556}") = "Tyuiu.BlagihIA.Sprint4.Task2.V18.Test", "Tyuiu.BlagihIA.Sprint4.Task2.V18.Test\Tyuiu.BlagihIA.Sprint4.Task2.V18.Test.csproj", "{E2A3BADB-CA50-4AB1-9F92-88B694DAE744}"
EndProject
Project("{2150E333-8FDC-42A3-9474-1A3956D46DE8}") = "Task3", "Task3", "{160298AF-8161-45EB-ADF1-805B079D88A1}"
EndProject
Project("{9A19103F-16F7-4668-BE54-9A1E7A4F7556}") = "Tyuiu.BlagihIA.Sprint4.Task3.V5", "Tyuiu.BlagihIA.Sprint4.Task3.V5\Tyuiu.BlagihIA.Sprint4.Task3.V5.csproj", "{14FC9070-F81D-4BD9-8FFE-321DC9FEEDA2}"
EndProject
Project("{9A19103F-16F7-4668-BE54-9A1E7A4F7556}") = "Tyuiu.BlagihIA.Sprint4.Task3.V5.Lib", "Tyuiu.BlagihIA.Sprint4.Task3.V5.Lib\Tyuiu.BlagihIA.Sprint4.Task3.V5.Lib.csproj", "{EEAF5485-84F6-4EFA-B048-76CECB7E329D}"
EndProject
Project("{9A19103F-16F7-4668-BE54-9A1E7A4F7556}") = "Tyuiu.BlagihIA.Sprint4.Task3.V5.Test", "Tyuiu.BlagihIA.Sprint4.Task3.V5.Test\Tyuiu.BlagihIA.Sprint4.Task3.V5.Test.csproj", "{4082CFD1-E709-451E-B99F-AAB88AA9CA53}"
EndProject
Project("{2150E333-8FDC-42A3-9474-1A3956D46DE8}") = "Task4", "Task4", "{E34D9766-4C04-4B05-BE8D-1BDA5564AAD5}"
EndProject
Project("{9A19103F-16F7-4668-BE54-9A1E7A4F7556}") = "Tyuiu.BlagihIA.Sprint4.Task4.V13", "Tyuiu.BlagihIA.Sprint4.Task4.V13\Tyuiu.BlagihIA.Sprint4.Task4.V13.csproj", "{F7088032-FE2C-4830-A404-5FF8E58D38A8}"
EndProject
Project("{9A19103F-16F7-4668-BE54-9A1E7A4F7556}") = "Tyuiu.BlagihIA.Sprint4.Task4.V13.Lib", "Tyuiu.BlagihIA.Sprint4.Task4.V13.Lib\Tyuiu.BlagihIA.Sprint4.Task4.V13.Lib.csproj", "{36AABF60-0197-4144-AAF9-E491D7947A30}"
EndProject
Project("{9A19103F-16F7-4668-BE54-9A1E7A4F7556}") = "Tyuiu.BlagihIA.Sprint4.Task4.V13.Test", "Tyuiu.BlagihIA.Sprint4.Task4.V13.Test\Tyuiu.BlagihIA.Sprint4.Task4.V13.Test.csproj", "{E89026DD-D00C-4301-94AA-C2ACEDA1EB23}"
EndProject
Project("{2150E333-8FDC-42A3-9474-1A3956D46DE8}") = "Task5", "Task5", "{E60D14BF-2A59-435B-8635-298BCF27B5C2}"
EndProject
Project("{9A19103F-16F7-4668-BE54-9A1E7A4F7556}") = "Tyuiu.BlagihIA.Sprint4.Task5.V21", "Tyuiu.BlagihIA.Sprint4.Task5.V21\Tyuiu.BlagihIA.Sprint4.Task5.V21.csproj", "{31B5E59D-0BA6-4CD4-99D6-011FB3C5CE70}"
EndProject
Project("{9A19103F-16F7-4668-BE54-9A1E7A4F7556}") = "Tyuiu.BlagihIA.Sprint4.Task5.V21.Lib", "Tyuiu.BlagihIA.Sprint4.Task5.V21.Lib\Tyuiu.BlagihIA.Sprint4.Task5.V21.Lib.csproj", "{98080285-5090-4D14-BA6F-4C3691398367}"
EndProject
Project("{9A19103F-16F7-4668-BE54-9A1E7A4F7556}") = "Tyuiu.BlagihIA.Sprint4.Task5.V21.Test", "Tyuiu.BlagihIA.Sprint4.Task5.V21.Test\Tyuiu.BlagihIA.Sprint4.Task5.V21.Test.csproj", "{40E24357-64FA-42FD-AFEF-621D8B5B8494}"
EndProject
Project("{2150E333-8FDC-42A3-9474-1A3956D46DE8}") = "Task6", "Task6", "{F93AA201-0870-4B74-8A1C-D7F5BE3828DF}"
EndProject
Project("{FAE04EC0-301F-11D3-BF4B-00C04F79EFBC}") = "Tyuiu.BlagihIA.Sprint4.Task6.V30", "Tyuiu.BlagihIA.Sprint4.Task6.V30\Tyuiu.BlagihIA.Sprint4.Task6.V30.csproj", "{19BCA9D9-A488-4F6C-8FEA-89FEBA10D054}"
EndProject
Project("{FAE04EC0-301F-11D3-BF4B-00C04F79EFBC}") = "Tyuiu.BlagihIA.Sprint4.Task6.V30.Lib", "Tyuiu.BlagihIA.Sprint4.Task6.V30.Lib\Tyuiu.BlagihIA.Sprint4.Task6.V30.Lib.csproj", "{85CA8B73-DC9A-4257-AD02-A51993796071}"
EndProject
Project("{FAE04EC0-301F-11D3-BF4B-00C04F79EFBC}") = "Tyuiu.BlagihIA.Sprint4.Task6.V30.Test", "Tyuiu.BlagihIA.Sprint4.Task6.V30.Test\Tyuiu.BlagihIA.Sprint4.Task6.V30.Test.csproj", "{4FB99EB9-E326-4F1C-908E-BAC027B6C5D1}"
EndProject
Project("{2150E333-8FDC-42A3-9474-1A3956D46DE8}") = "Task7", "Task7", "{542F392F-8564-443E-BE48-13534694631B}"
EndProject
Project("{FAE04EC0-301F-11D3-BF4B-00C04F79EFBC}") = "Tyuiu.BlagihIA.Sprint4.Task7.V20", "Tyuiu.BlagihIA.Sprint4.Task7.V20\Tyuiu.BlagihIA.Sprint4.Task7.V20.csproj", "{024BD06F-AEC4-4193-94CA-40281A006BC3}"
EndProject
Project("{FAE04EC0-301F-11D3-BF4B-00C04F79EFBC}") = "Tyuiu.BlagihIA.Sprint4.Task7.V20.Lib", "Tyuiu.BlagihIA.Sprint4.Task7.V20.Lib\Tyuiu.BlagihIA.Sprint4.Task7.V20.Lib.csproj", "{9BBEBB86-2558-46CF-A7D8-C481A03C3976}"
EndProject
Project("{FAE04EC0-301F-11D3-BF4B-00C04F79EFBC}") = "Tyuiu.BlagihIA.Sprint4.Task7.V20.Test", "Tyuiu.BlagihIA.Sprint4.Task7.V20.Test\Tyuiu.BlagihIA.Sprint4.Task7.V20.Test.csproj", "{5079B866-BF7D-401D-90FF-15CD5591352E}"
EndProject
Global
	GlobalSection(SolutionConfigurationPlatforms) = preSolution
		Debug|Any CPU = Debug|Any CPU
		Release|Any CPU = Release|Any CPU
	EndGlobalSection
	GlobalSection(ProjectConfigurationPlatforms) = postSolution
		{F31224D7-768B-40A9-A42D-181B2B8C4D40}.Debug|Any CPU.ActiveCfg = Debug|Any CPU
		{F31224D7-768B-40A9-A42D-181B2B8C4D40}.Debug|Any CPU.Build.0 = Debug|Any CPU
		{F31224D7-768B-40A9-A42D-181B2B8C4D40}.Release|Any CPU.ActiveCfg = Release|Any CPU
		{F31224D7-768B-40A9-A42D-181B2B8C4D40}.Release|Any CPU.Build.0 = Release|Any CPU
		{CCB30E71-36A2-44F9-ABFB-0702D257245A}.Debug|Any CPU.ActiveCfg = Debug|Any CPU
		{CCB30E71-36A2-44F9-ABFB-0702D257245A}.Debug|Any CPU.Build.0 = Debug|Any CPU
		{CCB30E71-36A2-44F9-ABFB-0702D257245A}.Release|Any CPU.ActiveCfg = Release|Any CPU
		{CCB30E71-36A2-44F9-ABFB-0702D257245A}.Release|Any CPU.Build.0 = Release|Any CPU
		{C7C7F570-22FA-45E5-B5AB-DDA37540B758}.Debug|Any CPU.ActiveCfg = Debug|Any CPU
		{C7C7F570-22FA-45E5-B5AB-DDA37540B758}.Debug|Any CPU.Build.0 = Debug|Any CPU
		{C7C7F570-22FA-45E5-B5AB-DDA37540B758}.Release|Any CPU.ActiveCfg = Release|Any CPU
		{C7C7F570-22FA-45E5-B5AB-DDA37540B758}.Release|Any CPU.Build.0 = Release|Any CPU
		{FE64A099-2C5F-4E9C-AC04-05B2D109AE67}.Debug|Any CPU.ActiveCfg = Debug|Any CPU
		{FE64A099-2C5F-4E9C-AC04-05B2D109AE67}.Debug|Any CPU.Build.0 = Debug|Any CPU
		{FE64A099-2C5F-4E9C-AC04-05B2D109AE67}.Release|Any CPU.ActiveCfg = Release|Any CPU
		{FE64A099-2C5F-4E9C-AC04-05B2D109AE67}.Release|Any CPU.Build.0 = Release|Any CPU
		{E08483F8-9ACE-4924-AF4E-46FD30FD5F3F}.Debug|Any CPU.ActiveCfg = Debug|Any CPU
		{E08483F8-9ACE-4924-AF4E-46FD30FD5F3F}.Debug|Any CPU.Build.0 = Debug|Any CPU
		{E08483F8-9ACE-4924-AF4E-46FD30FD5F3F}.Release|Any CPU.ActiveCfg = Release|Any CPU
		{E08483F8-9ACE-4924-AF4E-46FD30FD5F3F}.Release|Any CPU.Build.0 = Release|Any CPU
		{548F52D2-D51D-421A-94EF-EBDF8E44A72D}.Debug|Any CPU.ActiveCfg = Debug|Any CPU
		{548F52D2-D51D-421A-94EF-EBDF8E44A72D}.Debug|Any CPU.Build.0 = Debug|Any CPU
		{548F52D2-D51D-421A-94EF-EBDF8E44A72D}.Release|Any CPU.ActiveCfg = Release|Any CPU
		{548F52D2-D51D-421A-94EF-EBDF8E44A72D}.Release|Any CPU.Build.0 = Release|Any CPU
		{39605EEB-5C11-45F2-9793-509D1A669B7C}.Debug|Any CPU.ActiveCfg = Debug|Any CPU
		{39605EEB-5C11-45F2-9793-509D1A669B7C}.Debug|Any CPU.Build.0 = Debug|Any CPU
		{39605EEB-5C11-45F2-9793-509D1A669B7C}.Release|Any CPU.ActiveCfg = Release|Any CPU
		{39605EEB-5C11-45F2-9793-509D1A669B7C}.Release|Any CPU.Build.0 = Release|Any CPU
		{0D624DAE-D307-4C74-A3F0-36B71F1BCD21}.Debug|Any CPU.ActiveCfg = Debug|Any CPU
		{0D624DAE-D307-4C74-A3F0-36B71F1BCD21}.Debug|Any CPU.Build.0 = Debug|Any CPU
		{0D624DAE-D307-4C74-A3F0-36B71F1BCD21}.Release|Any CPU.ActiveCfg = Release|Any CPU
		{0D624DAE-D307-4C74-A3F0-36B71F1BCD21}.Release|Any CPU.Build.0 = Release|Any CPU
		{E2A3BADB-CA50-4AB1-9F92-88B694DAE744}.Debug|Any CPU.ActiveCfg = Debug|Any CPU
		{E2A3BADB-CA50-4AB1-9F92-88B694DAE744}.Debug|Any CPU.Build.0 = Debug|Any CPU
		{E2A3BADB-CA50-4AB1-9F92-88B694DAE744}.Release|Any CPU.ActiveCfg = Release|Any CPU
		{E2A3BADB-CA50-4AB1-9F92-88B694DAE744}.Release|Any CPU.Build.0 = Release|Any CPU
		{14FC9070-F81D-4BD9-8FFE-321DC9FEEDA2}.Debug|Any CPU.ActiveCfg = Debug|Any CPU
		{14FC9070-F81D-4BD9-8FFE-321DC9FEEDA2}.Debug|Any CPU.Build.0 = Debug|Any CPU
		{14FC9070-F81D-4BD9-8FFE-321DC9FEEDA2}.Release|Any CPU.ActiveCfg = Release|Any CPU
		{14FC9070-F81D-4BD9-8FFE-321DC9FEEDA2}.Release|Any CPU.Build.0 = Release|Any CPU
		{EEAF5485-84F6-4EFA-B048-76CECB7E329D}.Debug|Any CPU.ActiveCfg = Debug|Any CPU
		{EEAF5485-84F6-4EFA-B048-76CECB7E329D}.Debug|Any CPU.Build.0 = Debug|Any CPU
		{EEAF5485-84F6-4EFA-B048-76CECB7E329D}.Release|Any CPU.ActiveCfg = Release|Any CPU
		{EEAF5485-84F6-4EFA-B048-76CECB7E329D}.Release|Any CPU.Build.0 = Release|Any CPU
		{4082CFD1-E709-451E-B99F-AAB88AA9CA53}.Debug|Any CPU.ActiveCfg = Debug|Any CPU
		{4082CFD1-E709-451E-B99F-AAB88AA9CA53}.Debug|Any CPU.Build.0 = Debug|Any CPU
		{4082CFD1-E709-451E-B99F-AAB88AA9CA53}.Release|Any CPU.ActiveCfg = Release|Any CPU
		{4082CFD1-E709-451E-B99F-AAB88AA9CA53}.Release|Any CPU.Build.0 = Release|Any CPU
		{F7088032-FE2C-4830-A404-5FF8E58D38A8}.Debug|Any CPU.ActiveCfg = Debug|Any CPU
		{F7088032-FE2C-4830-A404-5FF8E58D38A8}.Debug|Any CPU.Build.0 = Debug|Any CPU
		{F7088032-FE2C-4830-A404-5FF8E58D38A8}.Release|Any CPU.ActiveCfg = Release|Any CPU
		{F7088032-FE2C-4830-A404-5FF8E58D38A8}.Release|Any CPU.Build.0 = Release|Any CPU
		{36AABF60-0197-4144-AAF9-E491D7947A30}.Debug|Any CPU.ActiveCfg = Debug|Any CPU
		{36AABF60-0197-4144-AAF9-E491D7947A30}.Debug|Any CPU.Build.0 = Debug|Any CPU
		{36AABF60-0197-4144-AAF9-E491D7947A30}.Release|Any CPU.ActiveCfg = Release|Any CPU
		{36AABF60-0197-4144-AAF9-E491D7947A30}.Release|Any CPU.Build.0 = Release|Any CPU
		{E89026DD-D00C-4301-94AA-C2ACEDA1EB23}.Debug|Any CPU.ActiveCfg = Debug|Any CPU
		{E89026DD-D00C-4301-94AA-C2ACEDA1EB23}.Debug|Any CPU.Build.0 = Debug|Any CPU
		{E89026DD-D00C-4301-94AA-C2ACEDA1EB23}.Release|Any CPU.ActiveCfg = Release|Any CPU
		{E89026DD-D00C-4301-94AA-C2ACEDA1EB23}.Release|Any CPU.Build.0 = Release|Any CPU
		{31B5E59D-0BA6-4CD4-99D6-011FB3C5CE70}.Debug|Any CPU.ActiveCfg = Debug|Any CPU
		{31B5E59D-0BA6-4CD4-99D6-011FB3C5CE70}.Debug|Any CPU.Build.0 = Debug|Any CPU
		{31B5E59D-0BA6-4CD4-99D6-011FB3C5CE70}.Release|Any CPU.ActiveCfg = Release|Any CPU
		{31B5E59D-0BA6-4CD4-99D6-011FB3C5CE70}.Release|Any CPU.Build.0 = Release|Any CPU
		{98080285-5090-4D14-BA6F-4C3691398367}.Debug|Any CPU.ActiveCfg = Debug|Any CPU
		{98080285-5090-4D14-BA6F-4C3691398367}.Debug|Any CPU.Build.0 = Debug|Any CPU
		{98080285-5090-4D14-BA6F-4C3691398367}.Release|Any CPU.ActiveCfg = Release|Any CPU
		{98080285-5090-4D14-BA6F-4C3691398367}.Release|Any CPU.Build.0 = Release|Any CPU
		{40E24357-64FA-42FD-AFEF-621D8B5B8494}.Debug|Any CPU.ActiveCfg = Debug|Any CPU
		{40E24357-64FA-42FD-AFEF-621D8B5B8494}.Debug|Any CPU.Build.0 = Debug|Any CPU
		{40E24357-64FA-42FD-AFEF-621D8B5B8494}.Release|Any CPU.ActiveCfg = Release|Any CPU
		{40E24357-64FA-42FD-AFEF-621D8B5B8494}.Release|Any CPU.Build.0 = Release|Any CPU
		{19BCA9D9-A488-4F6C-8FEA-89FEBA10D054}.Debug|Any CPU.ActiveCfg = Debug|Any CPU
		{19BCA9D9-A488-4F6C-8FEA-89FEBA10D054}.Debug|Any CPU.Build.0 = Debug|Any CPU
		{19BCA9D9-A488-4F6C-8FEA-89FEBA10D054}.Release|Any CPU.ActiveCfg = Release|Any CPU
		{19BCA9D9-A488-4F6C-8FEA-89FEBA10D054}.Release|Any CPU.Build.0 = Release|Any CPU
		{85CA8B73-DC9A-4257-AD02-A51993796071}.Debug|Any CPU.ActiveCfg = Debug|Any CPU
		{85CA8B73-DC9A-4257-AD02-A51993796071}.Debug|Any CPU.Build.0 = Debug|Any CPU
		{85CA8B73-DC9A-4257-AD02-A51993796071}.Release|Any CPU.ActiveCfg = Release|Any CPU
		{85CA8B73-DC9A-4257-AD02-A51993796071}.Release|Any CPU.Build.0 = Release|Any CPU
		{4FB99EB9-E326-4F1C-908E-BAC027B6C5D1}.Debug|Any CPU.ActiveCfg = Debug|Any CPU
		{4FB99EB9-E326-4F1C-908E-BAC027B6C5D1}.Debug|Any CPU.Build.0 = Debug|Any CPU
		{4FB99EB9-E326-4F1C-908E-BAC027B6C5D1}.Release|Any CPU.ActiveCfg = Release|Any CPU
		{4FB99EB9-E326-4F1C-908E-BAC027B6C5D1}.Release|Any CPU.Build.0 = Release|Any CPU
		{024BD06F-AEC4-4193-94CA-40281A006BC3}.Debug|Any CPU.ActiveCfg = Debug|Any CPU
		{024BD06F-AEC4-4193-94CA-40281A006BC3}.Debug|Any CPU.Build.0 = Debug|Any CPU
		{024BD06F-AEC4-4193-94CA-40281A006BC3}.Release|Any CPU.ActiveCfg = Release|Any CPU
		{024BD06F-AEC4-4193-94CA-40281A006BC3}.Release|Any CPU.Build.0 = Release|Any CPU
		{9BBEBB86-2558-46CF-A7D8-C481A03C3976}.Debug|Any CPU.ActiveCfg = Debug|Any CPU
		{9BBEBB86-2558-46CF-A7D8-C481A03C3976}.Debug|Any CPU.Build.0 = Debug|Any CPU
		{9BBEBB86-2558-46CF-A7D8-C481A03C3976}.Release|Any CPU.ActiveCfg = Release|Any CPU
		{9BBEBB86-2558-46CF-A7D8-C481A03C3976}.Release|Any CPU.Build.0 = Release|Any CPU
		{5079B866-BF7D-401D-90FF-15CD5591352E}.Debug|Any CPU.ActiveCfg = Debug|Any CPU
		{5079B866-BF7D-401D-90FF-15CD5591352E}.Debug|Any CPU.Build.0 = Debug|Any CPU
		{5079B866-BF7D-401D-90FF-15CD5591352E}.Release|Any CPU.ActiveCfg = Release|Any CPU
		{5079B866-BF7D-401D-90FF-15CD5591352E}.Release|Any CPU.Build.0 = Release|Any CPU
	EndGlobalSection
	GlobalSection(SolutionProperties) = preSolution
		HideSolutionNode = FALSE
	EndGlobalSection
	GlobalSection(NestedProjects) = preSolution
		{F31224D7-768B-40A9-A42D-181B2B8C4D40} = {5EBFE3A6-0AB1-4134-8E9D-132289F9D4F8}
		{CCB30E71-36A2-44F9-ABFB-0702D257245A} = {5EBFE3A6-0AB1-4134-8E9D-132289F9D4F8}
		{C7C7F570-22FA-45E5-B5AB-DDA37540B758} = {5EBFE3A6-0AB1-4134-8E9D-132289F9D4F8}
		{FE64A099-2C5F-4E9C-AC04-05B2D109AE67} = {D61E12BD-42BD-4ED7-9362-9019128B9F9E}
		{E08483F8-9ACE-4924-AF4E-46FD30FD5F3F} = {D61E12BD-42BD-4ED7-9362-9019128B9F9E}
		{548F52D2-D51D-421A-94EF-EBDF8E44A72D} = {D61E12BD-42BD-4ED7-9362-9019128B9F9E}
		{39605EEB-5C11-45F2-9793-509D1A669B7C} = {9481FDD9-CFAD-4DB4-B7F6-8AA8FC9DC29F}
		{0D624DAE-D307-4C74-A3F0-36B71F1BCD21} = {9481FDD9-CFAD-4DB4-B7F6-8AA8FC9DC29F}
		{E2A3BADB-CA50-4AB1-9F92-88B694DAE744} = {9481FDD9-CFAD-4DB4-B7F6-8AA8FC9DC29F}
		{14FC9070-F81D-4BD9-8FFE-321DC9FEEDA2} = {160298AF-8161-45EB-ADF1-805B079D88A1}
		{EEAF5485-84F6-4EFA-B048-76CECB7E329D} = {160298AF-8161-45EB-ADF1-805B079D88A1}
		{4082CFD1-E709-451E-B99F-AAB88AA9CA53} = {160298AF-8161-45EB-ADF1-805B079D88A1}
		{F7088032-FE2C-4830-A404-5FF8E58D38A8} = {E34D9766-4C04-4B05-BE8D-1BDA5564AAD5}
		{36AABF60-0197-4144-AAF9-E491D7947A30} = {E34D9766-4C04-4B05-BE8D-1BDA5564AAD5}
		{E89026DD-D00C-4301-94AA-C2ACEDA1EB23} = {E34D9766-4C04-4B05-BE8D-1BDA5564AAD5}
		{31B5E59D-0BA6-4CD4-99D6-011FB3C5CE70} = {E60D14BF-2A59-435B-8635-298BCF27B5C2}
		{98080285-5090-4D14-BA6F-4C3691398367} = {E60D14BF-2A59-435B-8635-298BCF27B5C2}
		{40E24357-64FA-42FD-AFEF-621D8B5B8494} = {E60D14BF-2A59-435B-8635-298BCF27B5C2}
		{19BCA9D9-A488-4F6C-8FEA-89FEBA10D054} = {F93AA201-0870-4B74-8A1C-D7F5BE3828DF}
		{85CA8B73-DC9A-4257-AD02-A51993796071} = {F93AA201-0870-4B74-8A1C-D7F5BE3828DF}
		{4FB99EB9-E326-4F1C-908E-BAC027B6C5D1} = {F93AA201-0870-4B74-8A1C-D7F5BE3828DF}
		{024BD06F-AEC4-4193-94CA-40281A006BC3} = {542F392F-8564-443E-BE48-13534694631B}
		{9BBEBB86-2558-46CF-A7D8-C481A03C3976} = {542F392F-8564-443E-BE48-13534694631B}
		{5079B866-BF7D-401D-90FF-15CD5591352E} = {542F392F-8564-443E-BE48-13534694631B}
	EndGlobalSection
	GlobalSection(ExtensibilityGlobals) = postSolution
		SolutionGuid = {A59B4B1A-0E79-432C-8255-7C1490F011CC}
	EndGlobalSection
EndGlobal
