
Microsoft Visual Studio Solution File, Format Version 12.00
# Visual Studio Version 17
VisualStudioVersion = 17.11.35312.102
MinimumVisualStudioVersion = 10.0.40219.1
Project("{2150E333-8FDC-42A3-9474-1A3956D46DE8}") = "Task0", "Task0", "{5EBFE3A6-0AB1-4134-8E9D-132289F9D4F8}"
EndProject
Project("{FAE04EC0-301F-11D3-BF4B-00C04F79EFBC}") = "Tyuiu.BlagihIA.Sprint4.Task0.V20", "Tyuiu.BlagihIA.Sprint4.Task0.V20\Tyuiu.BlagihIA.Sprint4.Task0.V20.csproj", "{F31224D7-768B-40A9-A42D-181B2B8C4D40}"
EndProject
Project("{FAE04EC0-301F-11D3-BF4B-00C04F79EFBC}") = "Tyuiu.BlagihIA.Sprint4.Task0.V20.Lib", "Tyuiu.BlagihIA.Sprint4.Task0.V20.Lib\Tyuiu.BlagihIA.Sprint4.Task0.V20.Lib.csproj", "{CCB30E71-36A2-44F9-ABFB-0702D257245A}"
EndProject
Project("{FAE04EC0-301F-11D3-BF4B-00C04F79EFBC}") = "Tyuiu.BlagihIA.Sprint4.Task0.V20.Test", "Tyuiu.BlagihIA.Sprint4.Task0.V20.Test\Tyuiu.BlagihIA.Sprint4.Task0.V20.Test.csproj", "{C7C7F570-22FA-45E5-B5AB-DDA37540B758}"
EndProject
Project("{2150E333-8FDC-42A3-9474-1A3956D46DE8}") = "Task1", "Task1", "{D61E12BD-42BD-4ED7-9362-9019128B9F9E}"
EndProject
Project("{FAE04EC0-301F-11D3-BF4B-00C04F79EFBC}") = "Tyuiu.BlagihIA.Sprint4.Task1.V23", "Tyuiu.BlagihIA.Sprint4.Task1.V23\Tyuiu.BlagihIA.Sprint4.Task1.V23.csproj", "{FE64A099-2C5F-4E9C-AC04-05B2D109AE67}"
EndProject
Project("{FAE04EC0-301F-11D3-BF4B-00C04F79EFBC}") = "Tyuiu.BlagihIA.Sprint4.Task1.V23.Lib", "Tyuiu.BlagihIA.Sprint4.Task1.V23.Lib\Tyuiu.BlagihIA.Sprint4.Task1.V23.Lib.csproj", "{E08483F8-9ACE-4924-AF4E-46FD30FD5F3F}"
EndProject
Project("{FAE04EC0-301F-11D3-BF4B-00C04F79EFBC}") = "Tyuiu.BlagihIA.Sprint4.Task1.V23.Test", "Tyuiu.BlagihIA.Sprint4.Task1.V23.Test\Tyuiu.BlagihIA.Sprint4.Task1.V23.Test.csproj", "{548F52D2-D51D-421A-94EF-EBDF8E44A72D}"
EndProject
Global
	GlobalSection(SolutionConfigurationPlatforms) = preSolution
		Debug|Any CPU = Debug|Any CPU
		Release|Any CPU = Release|Any CPU
	EndGlobalSection
	GlobalSection(ProjectConfigurationPlatforms) = postSolution
		{F31224D7-768B-40A9-A42D-181B2B8C4D40}.Debug|Any CPU.ActiveCfg = Debug|Any CPU
		{F31224D7-768B-40A9-A42D-181B2B8C4D40}.Debug|Any CPU.Build.0 = Debug|Any CPU
		{F31224D7-768B-40A9-A42D-181B2B8C4D40}.Release|Any CPU.ActiveCfg = Release|Any CPU
		{F31224D7-768B-40A9-A42D-181B2B8C4D40}.Release|Any CPU.Build.0 = Release|Any CPU
		{CCB30E71-36A2-44F9-ABFB-0702D257245A}.Debug|Any CPU.ActiveCfg = Debug|Any CPU
		{CCB30E71-36A2-44F9-ABFB-0702D257245A}.Debug|Any CPU.Build.0 = Debug|Any CPU
		{CCB30E71-36A2-44F9-ABFB-0702D257245A}.Release|Any CPU.ActiveCfg = Release|Any CPU
		{CCB30E71-36A2-44F9-ABFB-0702D257245A}.Release|Any CPU.Build.0 = Release|Any CPU
		{C7C7F570-22FA-45E5-B5AB-DDA37540B758}.Debug|Any CPU.ActiveCfg = Debug|Any CPU
		{C7C7F570-22FA-45E5-B5AB-DDA37540B758}.Debug|Any CPU.Build.0 = Debug|Any CPU
		{C7C7F570-22FA-45E5-B5AB-DDA37540B758}.Release|Any CPU.ActiveCfg = Release|Any CPU
		{C7C7F570-22FA-45E5-B5AB-DDA37540B758}.Release|Any CPU.Build.0 = Release|Any CPU
		{FE64A099-2C5F-4E9C-AC04-05B2D109AE67}.Debug|Any CPU.ActiveCfg = Debug|Any CPU
		{FE64A099-2C5F-4E9C-AC04-05B2D109AE67}.Debug|Any CPU.Build.0 = Debug|Any CPU
		{FE64A099-2C5F-4E9C-AC04-05B2D109AE67}.Release|Any CPU.ActiveCfg = Release|Any CPU
		{FE64A099-2C5F-4E9C-AC04-05B2D109AE67}.Release|Any CPU.Build.0 = Release|Any CPU
		{E08483F8-9ACE-4924-AF4E-46FD30FD5F3F}.Debug|Any CPU.ActiveCfg = Debug|Any CPU
		{E08483F8-9ACE-4924-AF4E-46FD30FD5F3F}.Debug|Any CPU.Build.0 = Debug|Any CPU
		{E08483F8-9ACE-4924-AF4E-46FD30FD5F3F}.Release|Any CPU.ActiveCfg = Release|Any CPU
		{E08483F8-9ACE-4924-AF4E-46FD30FD5F3F}.Release|Any CPU.Build.0 = Release|Any CPU
		{548F52D2-D51D-421A-94EF-EBDF8E44A72D}.Debug|Any CPU.ActiveCfg = Debug|Any CPU
		{548F52D2-D51D-421A-94EF-EBDF8E44A72D}.Debug|Any CPU.Build.0 = Debug|Any CPU
		{548F52D2-D51D-421A-94EF-EBDF8E44A72D}.Release|Any CPU.ActiveCfg = Release|Any CPU
		{548F52D2-D51D-421A-94EF-EBDF8E44A72D}.Release|Any CPU.Build.0 = Release|Any CPU
	EndGlobalSection
	GlobalSection(SolutionProperties) = preSolution
		HideSolutionNode = FALSE
	EndGlobalSection
	GlobalSection(NestedProjects) = preSolution
		{F31224D7-768B-40A9-A42D-181B2B8C4D40} = {5EBFE3A6-0AB1-4134-8E9D-132289F9D4F8}
		{CCB30E71-36A2-44F9-ABFB-0702D257245A} = {5EBFE3A6-0AB1-4134-8E9D-132289F9D4F8}
		{C7C7F570-22FA-45E5-B5AB-DDA37540B758} = {5EBFE3A6-0AB1-4134-8E9D-132289F9D4F8}
		{FE64A099-2C5F-4E9C-AC04-05B2D109AE67} = {D61E12BD-42BD-4ED7-9362-9019128B9F9E}
		{E08483F8-9ACE-4924-AF4E-46FD30FD5F3F} = {D61E12BD-42BD-4ED7-9362-9019128B9F9E}
		{548F52D2-D51D-421A-94EF-EBDF8E44A72D} = {D61E12BD-42BD-4ED7-9362-9019128B9F9E}
	EndGlobalSection
	GlobalSection(ExtensibilityGlobals) = postSolution
		SolutionGuid = {A59B4B1A-0E79-432C-8255-7C1490F011CC}
	EndGlobalSection
EndGlobal
